
Microsoft Visual Studio Solution File, Format Version 12.00
# Visual Studio Version 16
VisualStudioVersion = 16.0.30611.23
MinimumVisualStudioVersion = 10.0.40219.1
Project("{9A19103F-16F7-4668-BE54-9A1E7A4F7556}") = "DRRecordREST", "DRRecordREST\DRRecordREST.csproj", "{0A97515F-94FF-46F0-8EDE-3B0028A3C209}"
EndProject
Project("{9A19103F-16F7-4668-BE54-9A1E7A4F7556}") = "ModelLIb", "ModelLIb\ModelLIb.csproj", "{165FA4B7-358E-44D1-8CE0-DB9D5467E24A}"
EndProject
Project("{FAE04EC0-301F-11D3-BF4B-00C04F79EFBC}") = "DRRecordRESTTests", "DRRecordRESTTests\DRRecordRESTTests.csproj", "{864F27B0-8834-4BAC-ABB9-349313D533F8}"
EndProject
Global
	GlobalSection(SolutionConfigurationPlatforms) = preSolution
		Debug|Any CPU = Debug|Any CPU
		Release|Any CPU = Release|Any CPU
	EndGlobalSection
	GlobalSection(ProjectConfigurationPlatforms) = postSolution
		{0A97515F-94FF-46F0-8EDE-3B0028A3C209}.Debug|Any CPU.ActiveCfg = Debug|Any CPU
		{0A97515F-94FF-46F0-8EDE-3B0028A3C209}.Debug|Any CPU.Build.0 = Debug|Any CPU
		{0A97515F-94FF-46F0-8EDE-3B0028A3C209}.Release|Any CPU.ActiveCfg = Release|Any CPU
		{0A97515F-94FF-46F0-8EDE-3B0028A3C209}.Release|Any CPU.Build.0 = Release|Any CPU
		{165FA4B7-358E-44D1-8CE0-DB9D5467E24A}.Debug|Any CPU.ActiveCfg = Debug|Any CPU
		{165FA4B7-358E-44D1-8CE0-DB9D5467E24A}.Debug|Any CPU.Build.0 = Debug|Any CPU
		{165FA4B7-358E-44D1-8CE0-DB9D5467E24A}.Release|Any CPU.ActiveCfg = Release|Any CPU
		{165FA4B7-358E-44D1-8CE0-DB9D5467E24A}.Release|Any CPU.Build.0 = Release|Any CPU
		{864F27B0-8834-4BAC-ABB9-349313D533F8}.Debug|Any CPU.ActiveCfg = Debug|Any CPU
		{864F27B0-8834-4BAC-ABB9-349313D533F8}.Debug|Any CPU.Build.0 = Debug|Any CPU
		{864F27B0-8834-4BAC-ABB9-349313D533F8}.Release|Any CPU.ActiveCfg = Release|Any CPU
		{864F27B0-8834-4BAC-ABB9-349313D533F8}.Release|Any CPU.Build.0 = Release|Any CPU
	EndGlobalSection
	GlobalSection(SolutionProperties) = preSolution
		HideSolutionNode = FALSE
	EndGlobalSection
	GlobalSection(ExtensibilityGlobals) = postSolution
		SolutionGuid = {F1DC2BCC-9721-485B-9846-71AC5EB8E176}
	EndGlobalSection
EndGlobal
